
Microsoft Visual Studio Solution File, Format Version 12.00
# Visual Studio 14
VisualStudioVersion = 14.0.25420.1
MinimumVisualStudioVersion = 10.0.40219.1
Project("{F2A71F9B-5D33-465A-A702-920D77279786}") = "SuaveAndWebsocket", "SuaveAndWebsocket\SuaveAndWebsocket.fsproj", "{FBAE16B3-EC67-4037-9A93-0A190ABA0394}"
EndProject
Project("{2150E333-8FDC-42A3-9474-1A3956D46DE8}") = "Deployment", "Deployment", "{BBF700E7-9442-4A4A-AF0E-DDF1C4DC3ACB}"
	ProjectSection(SolutionItems) = preProject
		build.fsx = build.fsx
		SuaveAndWebsocket\wwwroot\web.config = SuaveAndWebsocket\wwwroot\web.config
	EndProjectSection
EndProject
Project("{2150E333-8FDC-42A3-9474-1A3956D46DE8}") = "Paket", "Paket", "{244143CA-D2F5-4A14-8B90-38DDE0956778}"
	ProjectSection(SolutionItems) = preProject
		paket.dependencies = paket.dependencies
	EndProjectSection
EndProject
Project("{2150E333-8FDC-42A3-9474-1A3956D46DE8}") = "Note", "Note", "{2E860C9B-479A-42D1-9D39-79E47C50D6AB}"
	ProjectSection(SolutionItems) = preProject
		README.MD = README.MD
	EndProjectSection
EndProject
Global
	GlobalSection(SolutionConfigurationPlatforms) = preSolution
		Debug|Any CPU = Debug|Any CPU
		Release|Any CPU = Release|Any CPU
	EndGlobalSection
	GlobalSection(ProjectConfigurationPlatforms) = postSolution
		{FBAE16B3-EC67-4037-9A93-0A190ABA0394}.Debug|Any CPU.ActiveCfg = Debug|Any CPU
		{FBAE16B3-EC67-4037-9A93-0A190ABA0394}.Debug|Any CPU.Build.0 = Debug|Any CPU
		{FBAE16B3-EC67-4037-9A93-0A190ABA0394}.Release|Any CPU.ActiveCfg = Release|Any CPU
		{FBAE16B3-EC67-4037-9A93-0A190ABA0394}.Release|Any CPU.Build.0 = Release|Any CPU
	EndGlobalSection
	GlobalSection(SolutionProperties) = preSolution
		HideSolutionNode = FALSE
	EndGlobalSection
EndGlobal
